
Microsoft Visual Studio Solution File, Format Version 12.00
# Visual Studio Version 16
VisualStudioVersion = 16.0.30907.101
MinimumVisualStudioVersion = 10.0.40219.1
Project("{FAE04EC0-301F-11D3-BF4B-00C04F79EFBC}") = "MipSdk-CompoundFileProtection", "MipSdk-CompoundFileProtection.csproj", "{C4DB5A51-C7AA-4094-AF5C-C488D9944C1E}"
EndProject
Global
	GlobalSection(SolutionConfigurationPlatforms) = preSolution
		Debug|Any CPU = Debug|Any CPU
		Release|Any CPU = Release|Any CPU
	EndGlobalSection
	GlobalSection(ProjectConfigurationPlatforms) = postSolution
		{C4DB5A51-C7AA-4094-AF5C-C488D9944C1E}.Debug|Any CPU.ActiveCfg = Debug|Any CPU
		{C4DB5A51-C7AA-4094-AF5C-C488D9944C1E}.Debug|Any CPU.Build.0 = Debug|Any CPU
		{C4DB5A51-C7AA-4094-AF5C-C488D9944C1E}.Release|Any CPU.ActiveCfg = Release|Any CPU
		{C4DB5A51-C7AA-4094-AF5C-C488D9944C1E}.Release|Any CPU.Build.0 = Release|Any CPU
	EndGlobalSection
	GlobalSection(SolutionProperties) = preSolution
		HideSolutionNode = FALSE
	EndGlobalSection
	GlobalSection(ExtensibilityGlobals) = postSolution
		SolutionGuid = {AE42FB4B-7EDB-4B76-A258-E8B183433D08}
	EndGlobalSection
EndGlobal
